{
  "name": "ft_transcendance",
  "lockfileVersion": 2,
  "requires": true,
  "packages": {
    "": {
      "dependencies": {
        "moment-timezone": "^0.5.39",
        "pinia-plugin-persistedstate": "^2.3.0"
      }
    },
    "node_modules/moment": {
      "version": "2.29.4",
      "resolved": "https://registry.npmjs.org/moment/-/moment-2.29.4.tgz",
      "integrity": "sha512-5LC9SOxjSc2HF6vO2CyuTDNivEdoz2IvyJJGj6X8DJ0eFyfszE0QiEd+iXmBvUP3WHxSjFH/vIsA0EN00cgr8w==",
      "engines": {
        "node": "*"
      }
    },
    "node_modules/moment-timezone": {
      "version": "0.5.39",
      "resolved": "https://registry.npmjs.org/moment-timezone/-/moment-timezone-0.5.39.tgz",
      "integrity": "sha512-hoB6suq4ISDj7BDgctiOy6zljBsdYT0++0ZzZm9rtxIvJhIbQ3nmbgSWe7dNFGurl6/7b1OUkHlmN9JWgXVz7w==",
      "dependencies": {
        "moment": ">= 2.9.0"
      },
      "engines": {
        "node": "*"
      }
    },
    "node_modules/pinia-plugin-persistedstate": {
      "version": "2.3.0",
      "resolved": "https://registry.npmjs.org/pinia-plugin-persistedstate/-/pinia-plugin-persistedstate-2.3.0.tgz",
      "integrity": "sha512-K7vzt68Z3lbMDjb23Ki2vgHVBP2QFvjl7WNwzIwqY/DAkhSt8mi/z6bN/cXTst7fJjXWF0lC9NyxFKHfxWehuw==",
      "peerDependencies": {
        "pinia": "^2.0.0"
      },
      "peerDependenciesMeta": {
        "pinia": {
          "optional": true
        }
      }
    }
  },
  "dependencies": {
    "moment": {
      "version": "2.29.4",
      "resolved": "https://registry.npmjs.org/moment/-/moment-2.29.4.tgz",
      "integrity": "sha512-5LC9SOxjSc2HF6vO2CyuTDNivEdoz2IvyJJGj6X8DJ0eFyfszE0QiEd+iXmBvUP3WHxSjFH/vIsA0EN00cgr8w=="
    },
    "moment-timezone": {
      "version": "0.5.39",
      "resolved": "https://registry.npmjs.org/moment-timezone/-/moment-timezone-0.5.39.tgz",
      "integrity": "sha512-hoB6suq4ISDj7BDgctiOy6zljBsdYT0++0ZzZm9rtxIvJhIbQ3nmbgSWe7dNFGurl6/7b1OUkHlmN9JWgXVz7w==",
      "requires": {
        "moment": ">= 2.9.0"
      }
    },
    "pinia-plugin-persistedstate": {
      "version": "2.3.0",
      "resolved": "https://registry.npmjs.org/pinia-plugin-persistedstate/-/pinia-plugin-persistedstate-2.3.0.tgz",
      "integrity": "sha512-K7vzt68Z3lbMDjb23Ki2vgHVBP2QFvjl7WNwzIwqY/DAkhSt8mi/z6bN/cXTst7fJjXWF0lC9NyxFKHfxWehuw==",
      "requires": {}
    }
  }
}
