{
  "name": "ft_transcendance",
  "lockfileVersion": 2,
  "requires": true,
  "packages": {
    "": {
      "dependencies": {
        "pinia-plugin-persistedstate": "^2.3.0"
      }
    },
    "node_modules/pinia-plugin-persistedstate": {
      "version": "2.3.0",
      "resolved": "https://registry.npmjs.org/pinia-plugin-persistedstate/-/pinia-plugin-persistedstate-2.3.0.tgz",
      "integrity": "sha512-K7vzt68Z3lbMDjb23Ki2vgHVBP2QFvjl7WNwzIwqY/DAkhSt8mi/z6bN/cXTst7fJjXWF0lC9NyxFKHfxWehuw==",
      "peerDependencies": {
        "pinia": "^2.0.0"
      },
      "peerDependenciesMeta": {
        "pinia": {
          "optional": true
        }
      }
    }
  },
  "dependencies": {
    "pinia-plugin-persistedstate": {
      "version": "2.3.0",
      "resolved": "https://registry.npmjs.org/pinia-plugin-persistedstate/-/pinia-plugin-persistedstate-2.3.0.tgz",
      "integrity": "sha512-K7vzt68Z3lbMDjb23Ki2vgHVBP2QFvjl7WNwzIwqY/DAkhSt8mi/z6bN/cXTst7fJjXWF0lC9NyxFKHfxWehuw==",
      "requires": {}
    }
  }
}
